
Microsoft Visual Studio Solution File, Format Version 12.00
# Visual Studio 15
VisualStudioVersion = 15.0.26730.10
MinimumVisualStudioVersion = 10.0.40219.1
Project("{FAE04EC0-301F-11D3-BF4B-00C04F79EFBC}") = "hashes-ghosts", "hashes-ghosts.csproj", "{AEE430F3-E372-45CD-AB2E-224CB3678CB3}"
EndProject
Global
	GlobalSection(SolutionConfigurationPlatforms) = preSolution
		Debug|Any CPU = Debug|Any CPU
		Release|Any CPU = Release|Any CPU
	EndGlobalSection
	GlobalSection(ProjectConfigurationPlatforms) = postSolution
		{AEE430F3-E372-45CD-AB2E-224CB3678CB3}.Debug|Any CPU.ActiveCfg = Debug|Any CPU
		{AEE430F3-E372-45CD-AB2E-224CB3678CB3}.Debug|Any CPU.Build.0 = Debug|Any CPU
		{AEE430F3-E372-45CD-AB2E-224CB3678CB3}.Release|Any CPU.ActiveCfg = Release|Any CPU
		{AEE430F3-E372-45CD-AB2E-224CB3678CB3}.Release|Any CPU.Build.0 = Release|Any CPU
	EndGlobalSection
	GlobalSection(SolutionProperties) = preSolution
		HideSolutionNode = FALSE
	EndGlobalSection
	GlobalSection(ExtensibilityGlobals) = postSolution
		SolutionGuid = {6F72958A-FE76-47C2-B06D-594136F36B5B}
	EndGlobalSection
EndGlobal
