
Microsoft Visual Studio Solution File, Format Version 12.00
# Visual Studio 15
VisualStudioVersion = 15.0.26730.10
MinimumVisualStudioVersion = 10.0.40219.1
Project("{FAE04EC0-301F-11D3-BF4B-00C04F79EFBC}") = "Ex-8", "Ex-8\Ex-8.csproj", "{F3D06FBC-8042-47E0-B54E-200037FD0F5C}"
EndProject
Global
	GlobalSection(SolutionConfigurationPlatforms) = preSolution
		Debug|Any CPU = Debug|Any CPU
		Release|Any CPU = Release|Any CPU
	EndGlobalSection
	GlobalSection(ProjectConfigurationPlatforms) = postSolution
		{F3D06FBC-8042-47E0-B54E-200037FD0F5C}.Debug|Any CPU.ActiveCfg = Debug|Any CPU
		{F3D06FBC-8042-47E0-B54E-200037FD0F5C}.Debug|Any CPU.Build.0 = Debug|Any CPU
		{F3D06FBC-8042-47E0-B54E-200037FD0F5C}.Release|Any CPU.ActiveCfg = Release|Any CPU
		{F3D06FBC-8042-47E0-B54E-200037FD0F5C}.Release|Any CPU.Build.0 = Release|Any CPU
	EndGlobalSection
	GlobalSection(SolutionProperties) = preSolution
		HideSolutionNode = FALSE
	EndGlobalSection
	GlobalSection(ExtensibilityGlobals) = postSolution
		SolutionGuid = {8FEB4D06-05D3-43E9-9BBA-5D60F87D4853}
	EndGlobalSection
EndGlobal
