
Microsoft Visual Studio Solution File, Format Version 12.00
# Visual Studio 15
VisualStudioVersion = 15.0.26730.10
MinimumVisualStudioVersion = 10.0.40219.1
Project("{FAE04EC0-301F-11D3-BF4B-00C04F79EFBC}") = "ex_1-1", "ex_1-1\ex_1-1.csproj", "{8A31BE87-35E1-4AE9-9404-3C52B7A86944}"
EndProject
Global
	GlobalSection(SolutionConfigurationPlatforms) = preSolution
		Debug|Any CPU = Debug|Any CPU
		Release|Any CPU = Release|Any CPU
	EndGlobalSection
	GlobalSection(ProjectConfigurationPlatforms) = postSolution
		{8A31BE87-35E1-4AE9-9404-3C52B7A86944}.Debug|Any CPU.ActiveCfg = Debug|Any CPU
		{8A31BE87-35E1-4AE9-9404-3C52B7A86944}.Debug|Any CPU.Build.0 = Debug|Any CPU
		{8A31BE87-35E1-4AE9-9404-3C52B7A86944}.Release|Any CPU.ActiveCfg = Release|Any CPU
		{8A31BE87-35E1-4AE9-9404-3C52B7A86944}.Release|Any CPU.Build.0 = Release|Any CPU
	EndGlobalSection
	GlobalSection(SolutionProperties) = preSolution
		HideSolutionNode = FALSE
	EndGlobalSection
	GlobalSection(ExtensibilityGlobals) = postSolution
		SolutionGuid = {AA7D47A0-A44C-40BC-8400-A7C2BB24EBE9}
	EndGlobalSection
EndGlobal
