
Microsoft Visual Studio Solution File, Format Version 12.00
# Visual Studio 15
VisualStudioVersion = 15.0.26730.10
MinimumVisualStudioVersion = 10.0.40219.1
Project("{FAE04EC0-301F-11D3-BF4B-00C04F79EFBC}") = "Ex-4", "Ex-4\Ex-4.csproj", "{1A5EF7FD-25DD-4AF0-A3F2-E55DB4C94E34}"
EndProject
Global
	GlobalSection(SolutionConfigurationPlatforms) = preSolution
		Debug|Any CPU = Debug|Any CPU
		Release|Any CPU = Release|Any CPU
	EndGlobalSection
	GlobalSection(ProjectConfigurationPlatforms) = postSolution
		{1A5EF7FD-25DD-4AF0-A3F2-E55DB4C94E34}.Debug|Any CPU.ActiveCfg = Debug|Any CPU
		{1A5EF7FD-25DD-4AF0-A3F2-E55DB4C94E34}.Debug|Any CPU.Build.0 = Debug|Any CPU
		{1A5EF7FD-25DD-4AF0-A3F2-E55DB4C94E34}.Release|Any CPU.ActiveCfg = Release|Any CPU
		{1A5EF7FD-25DD-4AF0-A3F2-E55DB4C94E34}.Release|Any CPU.Build.0 = Release|Any CPU
	EndGlobalSection
	GlobalSection(SolutionProperties) = preSolution
		HideSolutionNode = FALSE
	EndGlobalSection
	GlobalSection(ExtensibilityGlobals) = postSolution
		SolutionGuid = {3F9DD70B-03A0-4E84-8EAA-FC22D221B8D9}
	EndGlobalSection
EndGlobal
