
Microsoft Visual Studio Solution File, Format Version 12.00
# Visual Studio 15
VisualStudioVersion = 15.0.26730.10
MinimumVisualStudioVersion = 10.0.40219.1
Project("{FAE04EC0-301F-11D3-BF4B-00C04F79EFBC}") = "Tickets", "Tickets.csproj", "{9AEDE3C2-97BB-4273-8F51-6C08BF49C98B}"
EndProject
Global
	GlobalSection(SolutionConfigurationPlatforms) = preSolution
		Debug|Any CPU = Debug|Any CPU
		Release|Any CPU = Release|Any CPU
	EndGlobalSection
	GlobalSection(ProjectConfigurationPlatforms) = postSolution
		{9AEDE3C2-97BB-4273-8F51-6C08BF49C98B}.Debug|Any CPU.ActiveCfg = Debug|Any CPU
		{9AEDE3C2-97BB-4273-8F51-6C08BF49C98B}.Debug|Any CPU.Build.0 = Debug|Any CPU
		{9AEDE3C2-97BB-4273-8F51-6C08BF49C98B}.Release|Any CPU.ActiveCfg = Release|Any CPU
		{9AEDE3C2-97BB-4273-8F51-6C08BF49C98B}.Release|Any CPU.Build.0 = Release|Any CPU
	EndGlobalSection
	GlobalSection(SolutionProperties) = preSolution
		HideSolutionNode = FALSE
	EndGlobalSection
	GlobalSection(ExtensibilityGlobals) = postSolution
		SolutionGuid = {9E7DB5CA-F544-4A79-A809-8F0F6D8CAB8D}
	EndGlobalSection
EndGlobal
