
Microsoft Visual Studio Solution File, Format Version 12.00
# Visual Studio 15
VisualStudioVersion = 15.0.26730.10
MinimumVisualStudioVersion = 10.0.40219.1
Project("{FAE04EC0-301F-11D3-BF4B-00C04F79EFBC}") = "SkipList", "SkipList.csproj", "{A3DBF2E2-D2CE-45FD-88EB-BFA3AB841D2C}"
EndProject
Project("{FAE04EC0-301F-11D3-BF4B-00C04F79EFBC}") = "Test", "..\Test\Test.csproj", "{5A018F68-F0AA-4070-B1F9-AA9C8C153CC5}"
EndProject
Global
	GlobalSection(SolutionConfigurationPlatforms) = preSolution
		Debug|Any CPU = Debug|Any CPU
		Release|Any CPU = Release|Any CPU
	EndGlobalSection
	GlobalSection(ProjectConfigurationPlatforms) = postSolution
		{A3DBF2E2-D2CE-45FD-88EB-BFA3AB841D2C}.Debug|Any CPU.ActiveCfg = Debug|Any CPU
		{A3DBF2E2-D2CE-45FD-88EB-BFA3AB841D2C}.Debug|Any CPU.Build.0 = Debug|Any CPU
		{A3DBF2E2-D2CE-45FD-88EB-BFA3AB841D2C}.Release|Any CPU.ActiveCfg = Release|Any CPU
		{A3DBF2E2-D2CE-45FD-88EB-BFA3AB841D2C}.Release|Any CPU.Build.0 = Release|Any CPU
		{5A018F68-F0AA-4070-B1F9-AA9C8C153CC5}.Debug|Any CPU.ActiveCfg = Debug|Any CPU
		{5A018F68-F0AA-4070-B1F9-AA9C8C153CC5}.Debug|Any CPU.Build.0 = Debug|Any CPU
		{5A018F68-F0AA-4070-B1F9-AA9C8C153CC5}.Release|Any CPU.ActiveCfg = Release|Any CPU
		{5A018F68-F0AA-4070-B1F9-AA9C8C153CC5}.Release|Any CPU.Build.0 = Release|Any CPU
	EndGlobalSection
	GlobalSection(SolutionProperties) = preSolution
		HideSolutionNode = FALSE
	EndGlobalSection
	GlobalSection(ExtensibilityGlobals) = postSolution
		SolutionGuid = {217B6B45-E802-4EE6-8826-4A30996D7616}
	EndGlobalSection
EndGlobal
