
Microsoft Visual Studio Solution File, Format Version 12.00
# Visual Studio 15
VisualStudioVersion = 15.0.26730.10
MinimumVisualStudioVersion = 10.0.40219.1
Project("{FAE04EC0-301F-11D3-BF4B-00C04F79EFBC}") = "CsWebService", "CsWebService\CsWebService.csproj", "{54E2CF4D-65D1-4A4B-96B6-E83790DADE06}"
EndProject
Global
	GlobalSection(SolutionConfigurationPlatforms) = preSolution
		Debug|Any CPU = Debug|Any CPU
		Release|Any CPU = Release|Any CPU
	EndGlobalSection
	GlobalSection(ProjectConfigurationPlatforms) = postSolution
		{54E2CF4D-65D1-4A4B-96B6-E83790DADE06}.Debug|Any CPU.ActiveCfg = Debug|Any CPU
		{54E2CF4D-65D1-4A4B-96B6-E83790DADE06}.Debug|Any CPU.Build.0 = Debug|Any CPU
		{54E2CF4D-65D1-4A4B-96B6-E83790DADE06}.Release|Any CPU.ActiveCfg = Release|Any CPU
		{54E2CF4D-65D1-4A4B-96B6-E83790DADE06}.Release|Any CPU.Build.0 = Release|Any CPU
	EndGlobalSection
	GlobalSection(SolutionProperties) = preSolution
		HideSolutionNode = FALSE
	EndGlobalSection
	GlobalSection(ExtensibilityGlobals) = postSolution
		SolutionGuid = {F0FE5BF5-326C-4E6E-831A-09A08E7195D6}
	EndGlobalSection
EndGlobal
